// !$*UTF8*$!
{
	archiveVersion = 1;
	classes = {
	};
	objectVersion = 46;
	objects = {

/* Begin PBXBuildFile section */
		85FFFEDB8E5643F4EE98F1E5 /* Pods_Wedding_App.framework in Frameworks */ = {isa = PBXBuildFile; fileRef = 4DB16766378B4BAEC18C8049 /* Pods_Wedding_App.framework */; settings = {ATTRIBUTES = (Required, ); }; };
		A6431E03202769A40084E74D /* AppDelegate.swift in Sources */ = {isa = PBXBuildFile; fileRef = A6431E02202769A40084E74D /* AppDelegate.swift */; };
		A6431E05202769A40084E74D /* ViewController.swift in Sources */ = {isa = PBXBuildFile; fileRef = A6431E04202769A40084E74D /* ViewController.swift */; };
		A6431E08202769A40084E74D /* Main.storyboard in Resources */ = {isa = PBXBuildFile; fileRef = A6431E06202769A40084E74D /* Main.storyboard */; };
		A6431E0B202769A40084E74D /* Wedding_App.xcdatamodeld in Sources */ = {isa = PBXBuildFile; fileRef = A6431E09202769A40084E74D /* Wedding_App.xcdatamodeld */; };
		A6431E0D202769A40084E74D /* Assets.xcassets in Resources */ = {isa = PBXBuildFile; fileRef = A6431E0C202769A40084E74D /* Assets.xcassets */; };
		A6431E10202769A40084E74D /* LaunchScreen.storyboard in Resources */ = {isa = PBXBuildFile; fileRef = A6431E0E202769A40084E74D /* LaunchScreen.storyboard */; };
		A6431E18202770010084E74D /* GoogleService-Info.plist in Resources */ = {isa = PBXBuildFile; fileRef = A6431E17202770010084E74D /* GoogleService-Info.plist */; };
		A6431E1A202786BE0084E74D /* MenuViewController.swift in Sources */ = {isa = PBXBuildFile; fileRef = A6431E19202786BE0084E74D /* MenuViewController.swift */; };
		A6BF61952056143A0069F02D /* PictureViewController.swift in Sources */ = {isa = PBXBuildFile; fileRef = A6BF61942056143A0069F02D /* PictureViewController.swift */; };
		A6BF61A12071335F0069F02D /* SlideShowViewController.swift in Sources */ = {isa = PBXBuildFile; fileRef = A6BF61A02071335E0069F02D /* SlideShowViewController.swift */; };
/* End PBXBuildFile section */

/* Begin PBXFileReference section */
		127C9C404692F5481DF6E361 /* Pods-Wedding App.debug.xcconfig */ = {isa = PBXFileReference; includeInIndex = 1; lastKnownFileType = text.xcconfig; name = "Pods-Wedding App.debug.xcconfig"; path = "Pods/Target Support Files/Pods-Wedding App/Pods-Wedding App.debug.xcconfig"; sourceTree = "<group>"; };
		4DB16766378B4BAEC18C8049 /* Pods_Wedding_App.framework */ = {isa = PBXFileReference; explicitFileType = wrapper.framework; includeInIndex = 0; path = Pods_Wedding_App.framework; sourceTree = BUILT_PRODUCTS_DIR; };
		A6431DFF202769A40084E74D /* Wedding App.app */ = {isa = PBXFileReference; explicitFileType = wrapper.application; includeInIndex = 0; path = "Wedding App.app"; sourceTree = BUILT_PRODUCTS_DIR; };
		A6431E02202769A40084E74D /* AppDelegate.swift */ = {isa = PBXFileReference; lastKnownFileType = sourcecode.swift; path = AppDelegate.swift; sourceTree = "<group>"; };
		A6431E04202769A40084E74D /* ViewController.swift */ = {isa = PBXFileReference; lastKnownFileType = sourcecode.swift; path = ViewController.swift; sourceTree = "<group>"; };
		A6431E07202769A40084E74D /* Base */ = {isa = PBXFileReference; lastKnownFileType = file.storyboard; name = Base; path = Base.lproj/Main.storyboard; sourceTree = "<group>"; };
		A6431E0A202769A40084E74D /* Wedding_App.xcdatamodel */ = {isa = PBXFileReference; lastKnownFileType = wrapper.xcdatamodel; path = Wedding_App.xcdatamodel; sourceTree = "<group>"; };
		A6431E0C202769A40084E74D /* Assets.xcassets */ = {isa = PBXFileReference; lastKnownFileType = folder.assetcatalog; path = Assets.xcassets; sourceTree = "<group>"; };
		A6431E0F202769A40084E74D /* Base */ = {isa = PBXFileReference; lastKnownFileType = file.storyboard; name = Base; path = Base.lproj/LaunchScreen.storyboard; sourceTree = "<group>"; };
		A6431E11202769A40084E74D /* Info.plist */ = {isa = PBXFileReference; lastKnownFileType = text.plist.xml; path = Info.plist; sourceTree = "<group>"; };
		A6431E17202770010084E74D /* GoogleService-Info.plist */ = {isa = PBXFileReference; fileEncoding = 4; lastKnownFileType = text.plist.xml; path = "GoogleService-Info.plist"; sourceTree = "<group>"; };
		A6431E19202786BE0084E74D /* MenuViewController.swift */ = {isa = PBXFileReference; lastKnownFileType = sourcecode.swift; path = MenuViewController.swift; sourceTree = "<group>"; };
		A6BF61942056143A0069F02D /* PictureViewController.swift */ = {isa = PBXFileReference; lastKnownFileType = sourcecode.swift; path = PictureViewController.swift; sourceTree = "<group>"; };
		A6BF61A02071335E0069F02D /* SlideShowViewController.swift */ = {isa = PBXFileReference; lastKnownFileType = sourcecode.swift; path = SlideShowViewController.swift; sourceTree = "<group>"; };
		CC598D2880770136A976E357 /* Pods-Wedding App.release.xcconfig */ = {isa = PBXFileReference; includeInIndex = 1; lastKnownFileType = text.xcconfig; name = "Pods-Wedding App.release.xcconfig"; path = "Pods/Target Support Files/Pods-Wedding App/Pods-Wedding App.release.xcconfig"; sourceTree = "<group>"; };
/* End PBXFileReference section */

/* Begin PBXFrameworksBuildPhase section */
		A6431DFC202769A40084E74D /* Frameworks */ = {
			isa = PBXFrameworksBuildPhase;
			buildActionMask = 2147483647;
			files = (
				85FFFEDB8E5643F4EE98F1E5 /* Pods_Wedding_App.framework in Frameworks */,
			);
			runOnlyForDeploymentPostprocessing = 0;
		};
/* End PBXFrameworksBuildPhase section */

/* Begin PBXGroup section */
		5FD351FBA5373ECAEDF5393D /* Pods */ = {
			isa = PBXGroup;
			children = (
				127C9C404692F5481DF6E361 /* Pods-Wedding App.debug.xcconfig */,
				CC598D2880770136A976E357 /* Pods-Wedding App.release.xcconfig */,
			);
			name = Pods;
			sourceTree = "<group>";
		};
		A6431DF6202769A40084E74D = {
			isa = PBXGroup;
			children = (
				A6431E01202769A40084E74D /* Wedding App */,
				A6431E00202769A40084E74D /* Products */,
				5FD351FBA5373ECAEDF5393D /* Pods */,
				D0D1DAB0B5B286BFD0DB890E /* Frameworks */,
			);
			sourceTree = "<group>";
		};
		A6431E00202769A40084E74D /* Products */ = {
			isa = PBXGroup;
			children = (
				A6431DFF202769A40084E74D /* Wedding App.app */,
			);
			name = Products;
			sourceTree = "<group>";
		};
		A6431E01202769A40084E74D /* Wedding App */ = {
			isa = PBXGroup;
			children = (
				A6431E02202769A40084E74D /* AppDelegate.swift */,
				A6431E04202769A40084E74D /* ViewController.swift */,
				A6431E06202769A40084E74D /* Main.storyboard */,
				A6BF61A02071335E0069F02D /* SlideShowViewController.swift */,
				A6BF61942056143A0069F02D /* PictureViewController.swift */,
				A6431E19202786BE0084E74D /* MenuViewController.swift */,
				A6431E0C202769A40084E74D /* Assets.xcassets */,
				A6431E0E202769A40084E74D /* LaunchScreen.storyboard */,
				A6431E11202769A40084E74D /* Info.plist */,
				A6431E17202770010084E74D /* GoogleService-Info.plist */,
				A6431E09202769A40084E74D /* Wedding_App.xcdatamodeld */,
			);
			path = "Wedding App";
			sourceTree = "<group>";
		};
		D0D1DAB0B5B286BFD0DB890E /* Frameworks */ = {
			isa = PBXGroup;
			children = (
				4DB16766378B4BAEC18C8049 /* Pods_Wedding_App.framework */,
			);
			name = Frameworks;
			sourceTree = "<group>";
		};
/* End PBXGroup section */

/* Begin PBXNativeTarget section */
		A6431DFE202769A40084E74D /* Wedding App */ = {
			isa = PBXNativeTarget;
			buildConfigurationList = A6431E14202769A40084E74D /* Build configuration list for PBXNativeTarget "Wedding App" */;
			buildPhases = (
				9CACEF49FE6E28D92F1F06E9 /* [CP] Check Pods Manifest.lock */,
				A6431DFB202769A40084E74D /* Sources */,
				A6431DFC202769A40084E74D /* Frameworks */,
				A6431DFD202769A40084E74D /* Resources */,
				F16D445EB24DB40117227682 /* [CP] Embed Pods Frameworks */,
				F58107CD76846D81C9CFAC62 /* [CP] Copy Pods Resources */,
			);
			buildRules = (
			);
			dependencies = (
			);
			name = "Wedding App";
			productName = "Wedding App";
			productReference = A6431DFF202769A40084E74D /* Wedding App.app */;
			productType = "com.apple.product-type.application";
		};
/* End PBXNativeTarget section */

/* Begin PBXProject section */
		A6431DF7202769A40084E74D /* Project object */ = {
			isa = PBXProject;
			attributes = {
				LastSwiftUpdateCheck = 0920;
				LastUpgradeCheck = 0930;
				ORGANIZATIONNAME = "Steven Watson";
				TargetAttributes = {
					A6431DFE202769A40084E74D = {
						CreatedOnToolsVersion = 9.2;
						DevelopmentTeam = LGN4VA265U;
						ProvisioningStyle = Automatic;
					};
				};
			};
			buildConfigurationList = A6431DFA202769A40084E74D /* Build configuration list for PBXProject "Wedding App" */;
			compatibilityVersion = "Xcode 3.2";
			developmentRegion = en;
			hasScannedForEncodings = 0;
			knownRegions = (
				en,
				Base,
			);
			mainGroup = A6431DF6202769A40084E74D;
			productRefGroup = A6431E00202769A40084E74D /* Products */;
			projectDirPath = "";
			projectRoot = "";
			targets = (
				A6431DFE202769A40084E74D /* Wedding App */,
			);
		};
/* End PBXProject section */

/* Begin PBXResourcesBuildPhase section */
		A6431DFD202769A40084E74D /* Resources */ = {
			isa = PBXResourcesBuildPhase;
			buildActionMask = 2147483647;
			files = (
				A6431E10202769A40084E74D /* LaunchScreen.storyboard in Resources */,
				A6431E18202770010084E74D /* GoogleService-Info.plist in Resources */,
				A6431E0D202769A40084E74D /* Assets.xcassets in Resources */,
				A6431E08202769A40084E74D /* Main.storyboard in Resources */,
			);
			runOnlyForDeploymentPostprocessing = 0;
		};
/* End PBXResourcesBuildPhase section */

/* Begin PBXShellScriptBuildPhase section */
		9CACEF49FE6E28D92F1F06E9 /* [CP] Check Pods Manifest.lock */ = {
			isa = PBXShellScriptBuildPhase;
			buildActionMask = 2147483647;
			files = (
			);
			inputPaths = (
				"${PODS_PODFILE_DIR_PATH}/Podfile.lock",
				"${PODS_ROOT}/Manifest.lock",
			);
			name = "[CP] Check Pods Manifest.lock";
			outputPaths = (
				"$(DERIVED_FILE_DIR)/Pods-Wedding App-checkManifestLockResult.txt",
			);
			runOnlyForDeploymentPostprocessing = 0;
			shellPath = /bin/sh;
			shellScript = "diff \"${PODS_PODFILE_DIR_PATH}/Podfile.lock\" \"${PODS_ROOT}/Manifest.lock\" > /dev/null\nif [ $? != 0 ] ; then\n    # print error to STDERR\n    echo \"error: The sandbox is not in sync with the Podfile.lock. Run 'pod install' or update your CocoaPods installation.\" >&2\n    exit 1\nfi\n# This output is used by Xcode 'outputs' to avoid re-running this script phase.\necho \"SUCCESS\" > \"${SCRIPT_OUTPUT_FILE_0}\"\n";
			showEnvVarsInLog = 0;
		};
		F16D445EB24DB40117227682 /* [CP] Embed Pods Frameworks */ = {
			isa = PBXShellScriptBuildPhase;
			buildActionMask = 2147483647;
			files = (
			);
			inputPaths = (
				"${SRCROOT}/Pods/Target Support Files/Pods-Wedding App/Pods-Wedding App-frameworks.sh",
				"${BUILT_PRODUCTS_DIR}/CircleMenu/CircleMenu.framework",
				"${BUILT_PRODUCTS_DIR}/GTMSessionFetcher/GTMSessionFetcher.framework",
				"${BUILT_PRODUCTS_DIR}/GoogleToolboxForMac/GoogleToolboxForMac.framework",
				"${BUILT_PRODUCTS_DIR}/SDWebImage/SDWebImage.framework",
				"${BUILT_PRODUCTS_DIR}/leveldb-library/leveldb.framework",
				"${BUILT_PRODUCTS_DIR}/nanopb/nanopb.framework",
			);
			name = "[CP] Embed Pods Frameworks";
			outputPaths = (
				"${TARGET_BUILD_DIR}/${FRAMEWORKS_FOLDER_PATH}/CircleMenu.framework",
				"${TARGET_BUILD_DIR}/${FRAMEWORKS_FOLDER_PATH}/GTMSessionFetcher.framework",
				"${TARGET_BUILD_DIR}/${FRAMEWORKS_FOLDER_PATH}/GoogleToolboxForMac.framework",
				"${TARGET_BUILD_DIR}/${FRAMEWORKS_FOLDER_PATH}/SDWebImage.framework",
				"${TARGET_BUILD_DIR}/${FRAMEWORKS_FOLDER_PATH}/leveldb.framework",
				"${TARGET_BUILD_DIR}/${FRAMEWORKS_FOLDER_PATH}/nanopb.framework",
			);
			runOnlyForDeploymentPostprocessing = 0;
			shellPath = /bin/sh;
			shellScript = "\"${SRCROOT}/Pods/Target Support Files/Pods-Wedding App/Pods-Wedding App-frameworks.sh\"\n";
			showEnvVarsInLog = 0;
		};
		F58107CD76846D81C9CFAC62 /* [CP] Copy Pods Resources */ = {
			isa = PBXShellScriptBuildPhase;
			buildActionMask = 2147483647;
			files = (
			);
			inputPaths = (
			);
			name = "[CP] Copy Pods Resources";
			outputPaths = (
			);
			runOnlyForDeploymentPostprocessing = 0;
			shellPath = /bin/sh;
			shellScript = "\"${SRCROOT}/Pods/Target Support Files/Pods-Wedding App/Pods-Wedding App-resources.sh\"\n";
			showEnvVarsInLog = 0;
		};
/* End PBXShellScriptBuildPhase section */

/* Begin PBXSourcesBuildPhase section */
		A6431DFB202769A40084E74D /* Sources */ = {
			isa = PBXSourcesBuildPhase;
			buildActionMask = 2147483647;
			files = (
				A6431E0B202769A40084E74D /* Wedding_App.xcdatamodeld in Sources */,
				A6431E05202769A40084E74D /* ViewController.swift in Sources */,
				A6431E03202769A40084E74D /* AppDelegate.swift in Sources */,
				A6431E1A202786BE0084E74D /* MenuViewController.swift in Sources */,
				A6BF61952056143A0069F02D /* PictureViewController.swift in Sources */,
				A6BF61A12071335F0069F02D /* SlideShowViewController.swift in Sources */,
			);
			runOnlyForDeploymentPostprocessing = 0;
		};
/* End PBXSourcesBuildPhase section */

/* Begin PBXVariantGroup section */
		A6431E06202769A40084E74D /* Main.storyboard */ = {
			isa = PBXVariantGroup;
			children = (
				A6431E07202769A40084E74D /* Base */,
			);
			name = Main.storyboard;
			sourceTree = "<group>";
		};
		A6431E0E202769A40084E74D /* LaunchScreen.storyboard */ = {
			isa = PBXVariantGroup;
			children = (
				A6431E0F202769A40084E74D /* Base */,
			);
			name = LaunchScreen.storyboard;
			sourceTree = "<group>";
		};
/* End PBXVariantGroup section */

/* Begin XCBuildConfiguration section */
		A6431E12202769A40084E74D /* Debug */ = {
			isa = XCBuildConfiguration;
			buildSettings = {
				ALWAYS_SEARCH_USER_PATHS = NO;
				CLANG_ANALYZER_NONNULL = YES;
				CLANG_ANALYZER_NUMBER_OBJECT_CONVERSION = YES_AGGRESSIVE;
				CLANG_CXX_LANGUAGE_STANDARD = "gnu++14";
				CLANG_CXX_LIBRARY = "libc++";
				CLANG_ENABLE_MODULES = YES;
				CLANG_ENABLE_OBJC_ARC = YES;
				CLANG_WARN_BLOCK_CAPTURE_AUTORELEASING = YES;
				CLANG_WARN_BOOL_CONVERSION = YES;
				CLANG_WARN_COMMA = YES;
				CLANG_WARN_CONSTANT_CONVERSION = YES;
				CLANG_WARN_DEPRECATED_OBJC_IMPLEMENTATIONS = YES;
				CLANG_WARN_DIRECT_OBJC_ISA_USAGE = YES_ERROR;
				CLANG_WARN_DOCUMENTATION_COMMENTS = YES;
				CLANG_WARN_EMPTY_BODY = YES;
				CLANG_WARN_ENUM_CONVERSION = YES;
				CLANG_WARN_INFINITE_RECURSION = YES;
				CLANG_WARN_INT_CONVERSION = YES;
				CLANG_WARN_NON_LITERAL_NULL_CONVERSION = YES;
				CLANG_WARN_OBJC_IMPLICIT_RETAIN_SELF = YES;
				CLANG_WARN_OBJC_LITERAL_CONVERSION = YES;
				CLANG_WARN_OBJC_ROOT_CLASS = YES_ERROR;
				CLANG_WARN_RANGE_LOOP_ANALYSIS = YES;
				CLANG_WARN_STRICT_PROTOTYPES = YES;
				CLANG_WARN_SUSPICIOUS_MOVE = YES;
				CLANG_WARN_UNGUARDED_AVAILABILITY = YES_AGGRESSIVE;
				CLANG_WARN_UNREACHABLE_CODE = YES;
				CLANG_WARN__DUPLICATE_METHOD_MATCH = YES;
				CODE_SIGN_IDENTITY = "iPhone Developer";
				COPY_PHASE_STRIP = NO;
				DEBUG_INFORMATION_FORMAT = dwarf;
				ENABLE_STRICT_OBJC_MSGSEND = YES;
				ENABLE_TESTABILITY = YES;
				GCC_C_LANGUAGE_STANDARD = gnu11;
				GCC_DYNAMIC_NO_PIC = NO;
				GCC_NO_COMMON_BLOCKS = YES;
				GCC_OPTIMIZATION_LEVEL = 0;
				GCC_PREPROCESSOR_DEFINITIONS = (
					"DEBUG=1",
					"$(inherited)",
				);
				GCC_WARN_64_TO_32_BIT_CONVERSION = YES;
				GCC_WARN_ABOUT_RETURN_TYPE = YES_ERROR;
				GCC_WARN_UNDECLARED_SELECTOR = YES;
				GCC_WARN_UNINITIALIZED_AUTOS = YES_AGGRESSIVE;
				GCC_WARN_UNUSED_FUNCTION = YES;
				GCC_WARN_UNUSED_VARIABLE = YES;
				IPHONEOS_DEPLOYMENT_TARGET = 11.2;
				MTL_ENABLE_DEBUG_INFO = YES;
				ONLY_ACTIVE_ARCH = YES;
				SDKROOT = iphoneos;
				SWIFT_ACTIVE_COMPILATION_CONDITIONS = DEBUG;
				SWIFT_OPTIMIZATION_LEVEL = "-Onone";
			};
			name = Debug;
		};
		A6431E13202769A40084E74D /* Release */ = {
			isa = XCBuildConfiguration;
			buildSettings = {
				ALWAYS_SEARCH_USER_PATHS = NO;
				CLANG_ANALYZER_NONNULL = YES;
				CLANG_ANALYZER_NUMBER_OBJECT_CONVERSION = YES_AGGRESSIVE;
				CLANG_CXX_LANGUAGE_STANDARD = "gnu++14";
				CLANG_CXX_LIBRARY = "libc++";
				CLANG_ENABLE_MODULES = YES;
				CLANG_ENABLE_OBJC_ARC = YES;
				CLANG_WARN_BLOCK_CAPTURE_AUTORELEASING = YES;
				CLANG_WARN_BOOL_CONVERSION = YES;
				CLANG_WARN_COMMA = YES;
				CLANG_WARN_CONSTANT_CONVERSION = YES;
				CLANG_WARN_DEPRECATED_OBJC_IMPLEMENTATIONS = YES;
				CLANG_WARN_DIRECT_OBJC_ISA_USAGE = YES_ERROR;
				CLANG_WARN_DOCUMENTATION_COMMENTS = YES;
				CLANG_WARN_EMPTY_BODY = YES;
				CLANG_WARN_ENUM_CONVERSION = YES;
				CLANG_WARN_INFINITE_RECURSION = YES;
				CLANG_WARN_INT_CONVERSION = YES;
				CLANG_WARN_NON_LITERAL_NULL_CONVERSION = YES;
				CLANG_WARN_OBJC_IMPLICIT_RETAIN_SELF = YES;
				CLANG_WARN_OBJC_LITERAL_CONVERSION = YES;
				CLANG_WARN_OBJC_ROOT_CLASS = YES_ERROR;
				CLANG_WARN_RANGE_LOOP_ANALYSIS = YES;
				CLANG_WARN_STRICT_PROTOTYPES = YES;
				CLANG_WARN_SUSPICIOUS_MOVE = YES;
				CLANG_WARN_UNGUARDED_AVAILABILITY = YES_AGGRESSIVE;
				CLANG_WARN_UNREACHABLE_CODE = YES;
				CLANG_WARN__DUPLICATE_METHOD_MATCH = YES;
				CODE_SIGN_IDENTITY = "iPhone Developer";
				COPY_PHASE_STRIP = NO;
				DEBUG_INFORMATION_FORMAT = "dwarf-with-dsym";
				ENABLE_NS_ASSERTIONS = NO;
				ENABLE_STRICT_OBJC_MSGSEND = YES;
				GCC_C_LANGUAGE_STANDARD = gnu11;
				GCC_NO_COMMON_BLOCKS = YES;
				GCC_WARN_64_TO_32_BIT_CONVERSION = YES;
				GCC_WARN_ABOUT_RETURN_TYPE = YES_ERROR;
				GCC_WARN_UNDECLARED_SELECTOR = YES;
				GCC_WARN_UNINITIALIZED_AUTOS = YES_AGGRESSIVE;
				GCC_WARN_UNUSED_FUNCTION = YES;
				GCC_WARN_UNUSED_VARIABLE = YES;
				IPHONEOS_DEPLOYMENT_TARGET = 11.2;
				MTL_ENABLE_DEBUG_INFO = NO;
				SDKROOT = iphoneos;
				SWIFT_OPTIMIZATION_LEVEL = "-Owholemodule";
				VALIDATE_PRODUCT = YES;
			};
			name = Release;
		};
		A6431E15202769A40084E74D /* Debug */ = {
			isa = XCBuildConfiguration;
			baseConfigurationReference = 127C9C404692F5481DF6E361 /* Pods-Wedding App.debug.xcconfig */;
			buildSettings = {
				ASSETCATALOG_COMPILER_APPICON_NAME = AppIcon;
				CODE_SIGN_STYLE = Automatic;
				DEVELOPMENT_TEAM = LGN4VA265U;
				INFOPLIST_FILE = "Wedding App/Info.plist";
				IPHONEOS_DEPLOYMENT_TARGET = 11.2;
				LD_RUNPATH_SEARCH_PATHS = "$(inherited) @executable_path/Frameworks";
				PRODUCT_BUNDLE_IDENTIFIER = "com.watson.Wedding-App";
				PRODUCT_NAME = "$(TARGET_NAME)";
				SWIFT_VERSION = 4.0;
				TARGETED_DEVICE_FAMILY = "1,2";
			};
			name = Debug;
		};
		A6431E16202769A40084E74D /* Release */ = {
			isa = XCBuildConfiguration;
			baseConfigurationReference = CC598D2880770136A976E357 /* Pods-Wedding App.release.xcconfig */;
			buildSettings = {
				ASSETCATALOG_COMPILER_APPICON_NAME = AppIcon;
				CODE_SIGN_STYLE = Automatic;
				DEVELOPMENT_TEAM = LGN4VA265U;
				INFOPLIST_FILE = "Wedding App/Info.plist";
				IPHONEOS_DEPLOYMENT_TARGET = 11.2;
				LD_RUNPATH_SEARCH_PATHS = "$(inherited) @executable_path/Frameworks";
				PRODUCT_BUNDLE_IDENTIFIER = "com.watson.Wedding-App";
				PRODUCT_NAME = "$(TARGET_NAME)";
				SWIFT_VERSION = 4.0;
				TARGETED_DEVICE_FAMILY = "1,2";
			};
			name = Release;
		};
/* End XCBuildConfiguration section */

/* Begin XCConfigurationList section */
		A6431DFA202769A40084E74D /* Build configuration list for PBXProject "Wedding App" */ = {
			isa = XCConfigurationList;
			buildConfigurations = (
				A6431E12202769A40084E74D /* Debug */,
				A6431E13202769A40084E74D /* Release */,
			);
			defaultConfigurationIsVisible = 0;
			defaultConfigurationName = Release;
		};
		A6431E14202769A40084E74D /* Build configuration list for PBXNativeTarget "Wedding App" */ = {
			isa = XCConfigurationList;
			buildConfigurations = (
				A6431E15202769A40084E74D /* Debug */,
				A6431E16202769A40084E74D /* Release */,
			);
			defaultConfigurationIsVisible = 0;
			defaultConfigurationName = Release;
		};
/* End XCConfigurationList section */

/* Begin XCVersionGroup section */
		A6431E09202769A40084E74D /* Wedding_App.xcdatamodeld */ = {
			isa = XCVersionGroup;
			children = (
				A6431E0A202769A40084E74D /* Wedding_App.xcdatamodel */,
			);
			currentVersion = A6431E0A202769A40084E74D /* Wedding_App.xcdatamodel */;
			path = Wedding_App.xcdatamodeld;
			sourceTree = "<group>";
			versionGroupType = wrapper.xcdatamodel;
		};
/* End XCVersionGroup section */
	};
	rootObject = A6431DF7202769A40084E74D /* Project object */;
}
